
Microsoft Visual Studio Solution File, Format Version 12.00
# Visual Studio 2015
Project("{FAE04EC0-301F-11D3-BF4B-00C04F79EFBC}") = "LTS.CSharp", "LTS.CSharp.csproj", "{11B739D4-C295-14C7-1D4A-30D641B5BDD1}"
EndProject
Global
	GlobalSection(SolutionConfigurationPlatforms) = preSolution
		Debug|Any CPU = Debug|Any CPU
		Release|Any CPU = Release|Any CPU
	EndGlobalSection
	GlobalSection(ProjectConfigurationPlatforms) = postSolution
		{11B739D4-C295-14C7-1D4A-30D641B5BDD1}.Debug|Any CPU.ActiveCfg = Debug|Any CPU
		{11B739D4-C295-14C7-1D4A-30D641B5BDD1}.Debug|Any CPU.Build.0 = Debug|Any CPU
		{11B739D4-C295-14C7-1D4A-30D641B5BDD1}.Release|Any CPU.ActiveCfg = Release|Any CPU
		{11B739D4-C295-14C7-1D4A-30D641B5BDD1}.Release|Any CPU.Build.0 = Release|Any CPU
	EndGlobalSection
	GlobalSection(SolutionProperties) = preSolution
		HideSolutionNode = FALSE
	EndGlobalSection
EndGlobal
